github.com/jr-dev-league/go-router v0.0.0-20201215075523-05f90673c569 h1:LiwXNWK0jep6ITHtDSRtjFnj73je2Jf+gXbolszBtts=
github.com/jr-dev-league/go-router v0.0.0-20201215075523-05f90673c569/go.mod h1:7dcCCyEVX1ZPritP9hHzwRmkc2BfVous2jObSqFh3ls=
github.com/jr-dev-league/go-router v0.0.0-20201215083809-19d616162fbd h1:PdIIcWbbf+7koD3h7lXZGtX8fJAU/76+TDJZ6A7niHQ=
github.com/jr-dev-league/go-router v0.0.0-20201215083809-19d616162fbd/go.mod h1:7dcCCyEVX1ZPritP9hHzwRmkc2BfVous2jObSqFh3ls=
